// !$*UTF8*$!
{
	archiveVersion = 1;
	classes = {
	};
	objectVersion = 46;
	objects = {

/* Begin PBXBuildFile section */
		047536A51E055647000F5E53 /* SettingTableViewController.swift in Sources */ = {isa = PBXBuildFile; fileRef = 047536A41E055647000F5E53 /* SettingTableViewController.swift */; };
		049D8BFA1E0280AD00AD4BEA /* QRCodeScannerViewController.swift in Sources */ = {isa = PBXBuildFile; fileRef = 049D8BF91E0280AD00AD4BEA /* QRCodeScannerViewController.swift */; };
		29044D571E07F684002A82B0 /* ViewExtension.swift in Sources */ = {isa = PBXBuildFile; fileRef = 29044D561E07F684002A82B0 /* ViewExtension.swift */; };
		29044D641E07FF0B002A82B0 /* CustomFavortieHeaderTableViewCell.swift in Sources */ = {isa = PBXBuildFile; fileRef = 29044D621E07FF0B002A82B0 /* CustomFavortieHeaderTableViewCell.swift */; };
		29044D651E07FF0B002A82B0 /* CustomFavortieHeaderTableViewCell.xib in Resources */ = {isa = PBXBuildFile; fileRef = 29044D631E07FF0B002A82B0 /* CustomFavortieHeaderTableViewCell.xib */; };
		29044D681E08000D002A82B0 /* CustomFavoriteContentTableViewCell.swift in Sources */ = {isa = PBXBuildFile; fileRef = 29044D661E08000D002A82B0 /* CustomFavoriteContentTableViewCell.swift */; };
		29044D691E08000D002A82B0 /* CustomFavoriteContentTableViewCell.xib in Resources */ = {isa = PBXBuildFile; fileRef = 29044D671E08000D002A82B0 /* CustomFavoriteContentTableViewCell.xib */; };
		29044D6C1E080037002A82B0 /* CustomFavoriteFooterTableViewCell.swift in Sources */ = {isa = PBXBuildFile; fileRef = 29044D6A1E080037002A82B0 /* CustomFavoriteFooterTableViewCell.swift */; };
		29044D6D1E080037002A82B0 /* CustomFavoriteFooterTableViewCell.xib in Resources */ = {isa = PBXBuildFile; fileRef = 29044D6B1E080037002A82B0 /* CustomFavoriteFooterTableViewCell.xib */; };
		29044D721E08C179002A82B0 /* CustomStaionListTableViewCell.swift in Sources */ = {isa = PBXBuildFile; fileRef = 29044D701E08C179002A82B0 /* CustomStaionListTableViewCell.swift */; };
		29044D731E08C179002A82B0 /* CustomStaionListTableViewCell.xib in Resources */ = {isa = PBXBuildFile; fileRef = 29044D711E08C179002A82B0 /* CustomStaionListTableViewCell.xib */; };
		2907FFCE1E167D3C001BEFBD /* SearchStationViewControllerTest.swift in Sources */ = {isa = PBXBuildFile; fileRef = 2907FFCD1E167D3C001BEFBD /* SearchStationViewControllerTest.swift */; };
		291777EF1E180EDD00DA0DA1 /* FavortieStationDetailViewController.swift in Sources */ = {isa = PBXBuildFile; fileRef = 291777EE1E180EDD00DA0DA1 /* FavortieStationDetailViewController.swift */; };
		291777F31E180F9600DA0DA1 /* FavoriteStationViewController.swift in Sources */ = {isa = PBXBuildFile; fileRef = 291777F21E180F9600DA0DA1 /* FavoriteStationViewController.swift */; };
		2936B2601E093BBE007DD810 /* ReturnHistoryViewController.swift in Sources */ = {isa = PBXBuildFile; fileRef = 2936B25F1E093BBE007DD810 /* ReturnHistoryViewController.swift */; };
		2936B2621E093D5C007DD810 /* QRCodeScanSuccessViewController.swift in Sources */ = {isa = PBXBuildFile; fileRef = 2936B2611E093D5C007DD810 /* QRCodeScanSuccessViewController.swift */; };
		2936B2641E093D74007DD810 /* QRCodeScanFailureViewController.swift in Sources */ = {isa = PBXBuildFile; fileRef = 2936B2631E093D74007DD810 /* QRCodeScanFailureViewController.swift */; };
		2936B2671E094AE0007DD810 /* StructStation.swift in Sources */ = {isa = PBXBuildFile; fileRef = 2936B2661E094AE0007DD810 /* StructStation.swift */; };
		2936B2691E09504B007DD810 /* CreditCardViewController.swift in Sources */ = {isa = PBXBuildFile; fileRef = 2936B2681E09504B007DD810 /* CreditCardViewController.swift */; };
		2936B2E01E0A70EC007DD810 /* SearchStationExtensionTableView.swift in Sources */ = {isa = PBXBuildFile; fileRef = 2936B2DF1E0A70EC007DD810 /* SearchStationExtensionTableView.swift */; };
		29A3F76C1E02935000FA22E2 /* SearchStationViewController.swift in Sources */ = {isa = PBXBuildFile; fileRef = 29A3F76B1E02935000FA22E2 /* SearchStationViewController.swift */; };
		29CB66471E1288BF00D9DD85 /* QRCodeRentedViewController.swift in Sources */ = {isa = PBXBuildFile; fileRef = 29CB66461E1288BF00D9DD85 /* QRCodeRentedViewController.swift */; };
		29D3E0301E092CCF00225217 /* LoginOutViewController.swift in Sources */ = {isa = PBXBuildFile; fileRef = 29D3E02F1E092CCF00225217 /* LoginOutViewController.swift */; };
		29F1817B1E02754200A3E409 /* AppDelegate.swift in Sources */ = {isa = PBXBuildFile; fileRef = 29F1817A1E02754200A3E409 /* AppDelegate.swift */; };
		29F1817D1E02754200A3E409 /* ViewController.swift in Sources */ = {isa = PBXBuildFile; fileRef = 29F1817C1E02754200A3E409 /* ViewController.swift */; };
		29F181801E02754200A3E409 /* Main.storyboard in Resources */ = {isa = PBXBuildFile; fileRef = 29F1817E1E02754200A3E409 /* Main.storyboard */; };
		29F181851E02754200A3E409 /* LaunchScreen.storyboard in Resources */ = {isa = PBXBuildFile; fileRef = 29F181831E02754200A3E409 /* LaunchScreen.storyboard */; };
		29F1818D1E027C5D00A3E409 /* Assets.xcassets in Resources */ = {isa = PBXBuildFile; fileRef = 29F1818C1E027C5D00A3E409 /* Assets.xcassets */; };
		29F259AB1E156BC600526C54 /* FavoriteCellHeader.swift in Sources */ = {isa = PBXBuildFile; fileRef = 29F259AA1E156BC600526C54 /* FavoriteCellHeader.swift */; };
		29F259AD1E156BD900526C54 /* FavoriteCellFooter.swift in Sources */ = {isa = PBXBuildFile; fileRef = 29F259AC1E156BD900526C54 /* FavoriteCellFooter.swift */; };
		29F259AF1E15770B00526C54 /* FavoriteCellShadow.swift in Sources */ = {isa = PBXBuildFile; fileRef = 29F259AE1E15770B00526C54 /* FavoriteCellShadow.swift */; };
		29F504641E14DAC6003AB4F8 /* SearchStationDetailViewController.swift in Sources */ = {isa = PBXBuildFile; fileRef = 29F504631E14DAC6003AB4F8 /* SearchStationDetailViewController.swift */; };
		29FD47381E18C52C00D73A73 /* FavoriteAddNewViewController.swift in Sources */ = {isa = PBXBuildFile; fileRef = 29FD47371E18C52C00D73A73 /* FavoriteAddNewViewController.swift */; };
		29FD473C1E18DA5900D73A73 /* MapView.swift in Sources */ = {isa = PBXBuildFile; fileRef = 29FD473B1E18DA5900D73A73 /* MapView.swift */; };
		C3C35E3FD0F8F379396A4E69 /* Pods_umbrella.framework in Frameworks */ = {isa = PBXBuildFile; fileRef = 8FCFCC15ACCFB762FCC862A2 /* Pods_umbrella.framework */; };
/* End PBXBuildFile section */

/* Begin PBXFileReference section */
		047536A41E055647000F5E53 /* SettingTableViewController.swift */ = {isa = PBXFileReference; fileEncoding = 4; lastKnownFileType = sourcecode.swift; path = SettingTableViewController.swift; sourceTree = "<group>"; };
		049D8BF91E0280AD00AD4BEA /* QRCodeScannerViewController.swift */ = {isa = PBXFileReference; fileEncoding = 4; lastKnownFileType = sourcecode.swift; path = QRCodeScannerViewController.swift; sourceTree = "<group>"; };
		29044D561E07F684002A82B0 /* ViewExtension.swift */ = {isa = PBXFileReference; fileEncoding = 4; lastKnownFileType = sourcecode.swift; path = ViewExtension.swift; sourceTree = "<group>"; };
		29044D621E07FF0B002A82B0 /* CustomFavortieHeaderTableViewCell.swift */ = {isa = PBXFileReference; fileEncoding = 4; lastKnownFileType = sourcecode.swift; path = CustomFavortieHeaderTableViewCell.swift; sourceTree = "<group>"; };
		29044D631E07FF0B002A82B0 /* CustomFavortieHeaderTableViewCell.xib */ = {isa = PBXFileReference; fileEncoding = 4; lastKnownFileType = file.xib; path = CustomFavortieHeaderTableViewCell.xib; sourceTree = "<group>"; };
		29044D661E08000D002A82B0 /* CustomFavoriteContentTableViewCell.swift */ = {isa = PBXFileReference; fileEncoding = 4; lastKnownFileType = sourcecode.swift; path = CustomFavoriteContentTableViewCell.swift; sourceTree = "<group>"; };
		29044D671E08000D002A82B0 /* CustomFavoriteContentTableViewCell.xib */ = {isa = PBXFileReference; fileEncoding = 4; lastKnownFileType = file.xib; path = CustomFavoriteContentTableViewCell.xib; sourceTree = "<group>"; };
		29044D6A1E080037002A82B0 /* CustomFavoriteFooterTableViewCell.swift */ = {isa = PBXFileReference; fileEncoding = 4; lastKnownFileType = sourcecode.swift; path = CustomFavoriteFooterTableViewCell.swift; sourceTree = "<group>"; };
		29044D6B1E080037002A82B0 /* CustomFavoriteFooterTableViewCell.xib */ = {isa = PBXFileReference; fileEncoding = 4; lastKnownFileType = file.xib; path = CustomFavoriteFooterTableViewCell.xib; sourceTree = "<group>"; };
		29044D701E08C179002A82B0 /* CustomStaionListTableViewCell.swift */ = {isa = PBXFileReference; fileEncoding = 4; lastKnownFileType = sourcecode.swift; path = CustomStaionListTableViewCell.swift; sourceTree = "<group>"; };
		29044D711E08C179002A82B0 /* CustomStaionListTableViewCell.xib */ = {isa = PBXFileReference; fileEncoding = 4; lastKnownFileType = file.xib; path = CustomStaionListTableViewCell.xib; sourceTree = "<group>"; };
		2907FFCD1E167D3C001BEFBD /* SearchStationViewControllerTest.swift */ = {isa = PBXFileReference; fileEncoding = 4; lastKnownFileType = sourcecode.swift; path = SearchStationViewControllerTest.swift; sourceTree = "<group>"; };
		291777EE1E180EDD00DA0DA1 /* FavortieStationDetailViewController.swift */ = {isa = PBXFileReference; fileEncoding = 4; lastKnownFileType = sourcecode.swift; path = FavortieStationDetailViewController.swift; sourceTree = "<group>"; };
		291777F21E180F9600DA0DA1 /* FavoriteStationViewController.swift */ = {isa = PBXFileReference; fileEncoding = 4; lastKnownFileType = sourcecode.swift; path = FavoriteStationViewController.swift; sourceTree = "<group>"; };
		2936B25F1E093BBE007DD810 /* ReturnHistoryViewController.swift */ = {isa = PBXFileReference; fileEncoding = 4; lastKnownFileType = sourcecode.swift; path = ReturnHistoryViewController.swift; sourceTree = "<group>"; };
		2936B2611E093D5C007DD810 /* QRCodeScanSuccessViewController.swift */ = {isa = PBXFileReference; fileEncoding = 4; lastKnownFileType = sourcecode.swift; path = QRCodeScanSuccessViewController.swift; sourceTree = "<group>"; };
		2936B2631E093D74007DD810 /* QRCodeScanFailureViewController.swift */ = {isa = PBXFileReference; fileEncoding = 4; lastKnownFileType = sourcecode.swift; path = QRCodeScanFailureViewController.swift; sourceTree = "<group>"; };
		2936B2661E094AE0007DD810 /* StructStation.swift */ = {isa = PBXFileReference; fileEncoding = 4; lastKnownFileType = sourcecode.swift; path = StructStation.swift; sourceTree = "<group>"; };
		2936B2681E09504B007DD810 /* CreditCardViewController.swift */ = {isa = PBXFileReference; fileEncoding = 4; lastKnownFileType = sourcecode.swift; path = CreditCardViewController.swift; sourceTree = "<group>"; };
		2936B2DF1E0A70EC007DD810 /* SearchStationExtensionTableView.swift */ = {isa = PBXFileReference; fileEncoding = 4; lastKnownFileType = sourcecode.swift; path = SearchStationExtensionTableView.swift; sourceTree = "<group>"; };
		29A3F76B1E02935000FA22E2 /* SearchStationViewController.swift */ = {isa = PBXFileReference; fileEncoding = 4; lastKnownFileType = sourcecode.swift; path = SearchStationViewController.swift; sourceTree = "<group>"; };
		29A9B5131E17EDB6001C09AD /* zh-Hant */ = {isa = PBXFileReference; lastKnownFileType = text.plist.strings; name = "zh-Hant"; path = "zh-Hant.lproj/LaunchScreen.strings"; sourceTree = "<group>"; };
		29A9B5141E17EDB7001C09AD /* zh-Hant */ = {isa = PBXFileReference; lastKnownFileType = text.plist.strings; name = "zh-Hant"; path = "zh-Hant.lproj/Main.strings"; sourceTree = "<group>"; };
		29CB66461E1288BF00D9DD85 /* QRCodeRentedViewController.swift */ = {isa = PBXFileReference; fileEncoding = 4; lastKnownFileType = sourcecode.swift; path = QRCodeRentedViewController.swift; sourceTree = "<group>"; };
		29D3E02F1E092CCF00225217 /* LoginOutViewController.swift */ = {isa = PBXFileReference; fileEncoding = 4; lastKnownFileType = sourcecode.swift; path = LoginOutViewController.swift; sourceTree = "<group>"; };
		29F181771E02754200A3E409 /* umbrella.app */ = {isa = PBXFileReference; explicitFileType = wrapper.application; includeInIndex = 0; path = umbrella.app; sourceTree = BUILT_PRODUCTS_DIR; };
		29F1817A1E02754200A3E409 /* AppDelegate.swift */ = {isa = PBXFileReference; lastKnownFileType = sourcecode.swift; path = AppDelegate.swift; sourceTree = "<group>"; };
		29F1817C1E02754200A3E409 /* ViewController.swift */ = {isa = PBXFileReference; lastKnownFileType = sourcecode.swift; path = ViewController.swift; sourceTree = "<group>"; };
		29F1817F1E02754200A3E409 /* Base */ = {isa = PBXFileReference; lastKnownFileType = file.storyboard; name = Base; path = Base.lproj/Main.storyboard; sourceTree = "<group>"; };
		29F181841E02754200A3E409 /* Base */ = {isa = PBXFileReference; lastKnownFileType = file.storyboard; name = Base; path = Base.lproj/LaunchScreen.storyboard; sourceTree = "<group>"; };
		29F181861E02754200A3E409 /* Info.plist */ = {isa = PBXFileReference; lastKnownFileType = text.plist.xml; path = Info.plist; sourceTree = "<group>"; };
		29F1818C1E027C5D00A3E409 /* Assets.xcassets */ = {isa = PBXFileReference; lastKnownFileType = folder.assetcatalog; path = Assets.xcassets; sourceTree = "<group>"; };
		29F259AA1E156BC600526C54 /* FavoriteCellHeader.swift */ = {isa = PBXFileReference; fileEncoding = 4; lastKnownFileType = sourcecode.swift; path = FavoriteCellHeader.swift; sourceTree = "<group>"; };
		29F259AC1E156BD900526C54 /* FavoriteCellFooter.swift */ = {isa = PBXFileReference; fileEncoding = 4; lastKnownFileType = sourcecode.swift; path = FavoriteCellFooter.swift; sourceTree = "<group>"; };
		29F259AE1E15770B00526C54 /* FavoriteCellShadow.swift */ = {isa = PBXFileReference; fileEncoding = 4; lastKnownFileType = sourcecode.swift; path = FavoriteCellShadow.swift; sourceTree = "<group>"; };
		29F504631E14DAC6003AB4F8 /* SearchStationDetailViewController.swift */ = {isa = PBXFileReference; fileEncoding = 4; lastKnownFileType = sourcecode.swift; path = SearchStationDetailViewController.swift; sourceTree = "<group>"; };
		29FD47371E18C52C00D73A73 /* FavoriteAddNewViewController.swift */ = {isa = PBXFileReference; fileEncoding = 4; lastKnownFileType = sourcecode.swift; path = FavoriteAddNewViewController.swift; sourceTree = "<group>"; };
		29FD473B1E18DA5900D73A73 /* MapView.swift */ = {isa = PBXFileReference; fileEncoding = 4; lastKnownFileType = sourcecode.swift; path = MapView.swift; sourceTree = "<group>"; };
		61F3CDED81AB6D0875456795 /* Pods-umbrella.debug.xcconfig */ = {isa = PBXFileReference; includeInIndex = 1; lastKnownFileType = text.xcconfig; name = "Pods-umbrella.debug.xcconfig"; path = "Pods/Target Support Files/Pods-umbrella/Pods-umbrella.debug.xcconfig"; sourceTree = "<group>"; };
		77D6F9D14611C3277A32C1A5 /* Pods-umbrella.release.xcconfig */ = {isa = PBXFileReference; includeInIndex = 1; lastKnownFileType = text.xcconfig; name = "Pods-umbrella.release.xcconfig"; path = "Pods/Target Support Files/Pods-umbrella/Pods-umbrella.release.xcconfig"; sourceTree = "<group>"; };
		8FCFCC15ACCFB762FCC862A2 /* Pods_umbrella.framework */ = {isa = PBXFileReference; explicitFileType = wrapper.framework; includeInIndex = 0; path = Pods_umbrella.framework; sourceTree = BUILT_PRODUCTS_DIR; };
/* End PBXFileReference section */

/* Begin PBXFrameworksBuildPhase section */
		29F181741E02754200A3E409 /* Frameworks */ = {
			isa = PBXFrameworksBuildPhase;
			buildActionMask = 2147483647;
			files = (
				C3C35E3FD0F8F379396A4E69 /* Pods_umbrella.framework in Frameworks */,
			);
			runOnlyForDeploymentPostprocessing = 0;
		};
/* End PBXFrameworksBuildPhase section */

/* Begin PBXGroup section */
		01AA24ED89713EA48465D28D /* Pods */ = {
			isa = PBXGroup;
			children = (
				61F3CDED81AB6D0875456795 /* Pods-umbrella.debug.xcconfig */,
				77D6F9D14611C3277A32C1A5 /* Pods-umbrella.release.xcconfig */,
			);
			name = Pods;
			sourceTree = "<group>";
		};
		16B0539751435D3A6F062A80 /* Frameworks */ = {
			isa = PBXGroup;
			children = (
				8FCFCC15ACCFB762FCC862A2 /* Pods_umbrella.framework */,
			);
			name = Frameworks;
			sourceTree = "<group>";
		};
		29044D581E07F88D002A82B0 /* SupportFile */ = {
			isa = PBXGroup;
			children = (
				29F181861E02754200A3E409 /* Info.plist */,
				29F1818C1E027C5D00A3E409 /* Assets.xcassets */,
				29F1817A1E02754200A3E409 /* AppDelegate.swift */,
			);
			name = SupportFile;
			sourceTree = "<group>";
		};
		29044D591E07F8DB002A82B0 /* View */ = {
			isa = PBXGroup;
			children = (
				29F181831E02754200A3E409 /* LaunchScreen.storyboard */,
				29F1817E1E02754200A3E409 /* Main.storyboard */,
				29044D711E08C179002A82B0 /* CustomStaionListTableViewCell.xib */,
				29044D631E07FF0B002A82B0 /* CustomFavortieHeaderTableViewCell.xib */,
				29044D671E08000D002A82B0 /* CustomFavoriteContentTableViewCell.xib */,
				29044D6B1E080037002A82B0 /* CustomFavoriteFooterTableViewCell.xib */,
			);
			name = View;
			sourceTree = "<group>";
		};
		29044D5A1E07F8E1002A82B0 /* ViewController */ = {
			isa = PBXGroup;
			children = (
				291777F21E180F9600DA0DA1 /* FavoriteStationViewController.swift */,
				291777EE1E180EDD00DA0DA1 /* FavortieStationDetailViewController.swift */,
				29FD47371E18C52C00D73A73 /* FavoriteAddNewViewController.swift */,
				29A3F76B1E02935000FA22E2 /* SearchStationViewController.swift */,
				29F504631E14DAC6003AB4F8 /* SearchStationDetailViewController.swift */,
				29F1817C1E02754200A3E409 /* ViewController.swift */,
				047536A41E055647000F5E53 /* SettingTableViewController.swift */,
				2936B25F1E093BBE007DD810 /* ReturnHistoryViewController.swift */,
				049D8BF91E0280AD00AD4BEA /* QRCodeScannerViewController.swift */,
				2936B2611E093D5C007DD810 /* QRCodeScanSuccessViewController.swift */,
				2936B2631E093D74007DD810 /* QRCodeScanFailureViewController.swift */,
				29CB66461E1288BF00D9DD85 /* QRCodeRentedViewController.swift */,
				2936B2681E09504B007DD810 /* CreditCardViewController.swift */,
				29D3E02F1E092CCF00225217 /* LoginOutViewController.swift */,
			);
			name = ViewController;
			sourceTree = "<group>";
		};
		29044D5B1E07F912002A82B0 /* ViewController_func */ = {
			isa = PBXGroup;
			children = (
				29044D561E07F684002A82B0 /* ViewExtension.swift */,
				2936B2DF1E0A70EC007DD810 /* SearchStationExtensionTableView.swift */,
				2907FFCD1E167D3C001BEFBD /* SearchStationViewControllerTest.swift */,
			);
			name = ViewController_func;
			sourceTree = "<group>";
		};
		29044D601E07F9D7002A82B0 /* View_func */ = {
			isa = PBXGroup;
			children = (
				29044D701E08C179002A82B0 /* CustomStaionListTableViewCell.swift */,
				29044D621E07FF0B002A82B0 /* CustomFavortieHeaderTableViewCell.swift */,
				29044D661E08000D002A82B0 /* CustomFavoriteContentTableViewCell.swift */,
				29044D6A1E080037002A82B0 /* CustomFavoriteFooterTableViewCell.swift */,
				29F259AA1E156BC600526C54 /* FavoriteCellHeader.swift */,
				29F259AC1E156BD900526C54 /* FavoriteCellFooter.swift */,
				29F259AE1E15770B00526C54 /* FavoriteCellShadow.swift */,
				29FD473B1E18DA5900D73A73 /* MapView.swift */,
			);
			name = View_func;
			sourceTree = "<group>";
		};
		2936B2651E094AB5007DD810 /* Struct */ = {
			isa = PBXGroup;
			children = (
				2936B2661E094AE0007DD810 /* StructStation.swift */,
			);
			name = Struct;
			sourceTree = "<group>";
		};
		29F1816E1E02754200A3E409 = {
			isa = PBXGroup;
			children = (
				29F181791E02754200A3E409 /* umbrella */,
				29F181781E02754200A3E409 /* Products */,
				01AA24ED89713EA48465D28D /* Pods */,
				16B0539751435D3A6F062A80 /* Frameworks */,
			);
			sourceTree = "<group>";
		};
		29F181781E02754200A3E409 /* Products */ = {
			isa = PBXGroup;
			children = (
				29F181771E02754200A3E409 /* umbrella.app */,
			);
			name = Products;
			sourceTree = "<group>";
		};
		29F181791E02754200A3E409 /* umbrella */ = {
			isa = PBXGroup;
			children = (
				2936B2651E094AB5007DD810 /* Struct */,
				29044D581E07F88D002A82B0 /* SupportFile */,
				29044D591E07F8DB002A82B0 /* View */,
				29044D601E07F9D7002A82B0 /* View_func */,
				29044D5B1E07F912002A82B0 /* ViewController_func */,
				29044D5A1E07F8E1002A82B0 /* ViewController */,
			);
			path = umbrella;
			sourceTree = "<group>";
		};
/* End PBXGroup section */

/* Begin PBXNativeTarget section */
		29F181761E02754200A3E409 /* umbrella */ = {
			isa = PBXNativeTarget;
			buildConfigurationList = 29F181891E02754200A3E409 /* Build configuration list for PBXNativeTarget "umbrella" */;
			buildPhases = (
				0458BAF73D1B373F4F530BDA /* [CP] Check Pods Manifest.lock */,
				29F181731E02754200A3E409 /* Sources */,
				29F181741E02754200A3E409 /* Frameworks */,
				29F181751E02754200A3E409 /* Resources */,
				3FBC5A5B7100B0B5E290ECEA /* [CP] Embed Pods Frameworks */,
				2AE17A623740EE2106F2FE9D /* [CP] Copy Pods Resources */,
			);
			buildRules = (
			);
			dependencies = (
			);
			name = umbrella;
			productName = umbrella;
			productReference = 29F181771E02754200A3E409 /* umbrella.app */;
			productType = "com.apple.product-type.application";
		};
/* End PBXNativeTarget section */

/* Begin PBXProject section */
		29F1816F1E02754200A3E409 /* Project object */ = {
			isa = PBXProject;
			attributes = {
				LastSwiftUpdateCheck = 0810;
				LastUpgradeCheck = 0810;
				ORGANIZATIONNAME = shawn;
				TargetAttributes = {
					29F181761E02754200A3E409 = {
						CreatedOnToolsVersion = 8.1;
						DevelopmentTeam = V3JX27KRB4;
						ProvisioningStyle = Automatic;
					};
				};
			};
			buildConfigurationList = 29F181721E02754200A3E409 /* Build configuration list for PBXProject "umbrella" */;
			compatibilityVersion = "Xcode 3.2";
			developmentRegion = English;
			hasScannedForEncodings = 0;
			knownRegions = (
				en,
				Base,
			);
			mainGroup = 29F1816E1E02754200A3E409;
			productRefGroup = 29F181781E02754200A3E409 /* Products */;
			projectDirPath = "";
			projectRoot = "";
			targets = (
				29F181761E02754200A3E409 /* umbrella */,
			);
		};
/* End PBXProject section */

/* Begin PBXResourcesBuildPhase section */
		29F181751E02754200A3E409 /* Resources */ = {
			isa = PBXResourcesBuildPhase;
			buildActionMask = 2147483647;
			files = (
				29F181851E02754200A3E409 /* LaunchScreen.storyboard in Resources */,
				29F1818D1E027C5D00A3E409 /* Assets.xcassets in Resources */,
				29044D691E08000D002A82B0 /* CustomFavoriteContentTableViewCell.xib in Resources */,
				29044D6D1E080037002A82B0 /* CustomFavoriteFooterTableViewCell.xib in Resources */,
				29044D651E07FF0B002A82B0 /* CustomFavortieHeaderTableViewCell.xib in Resources */,
				29F181801E02754200A3E409 /* Main.storyboard in Resources */,
				29044D731E08C179002A82B0 /* CustomStaionListTableViewCell.xib in Resources */,
			);
			runOnlyForDeploymentPostprocessing = 0;
		};
/* End PBXResourcesBuildPhase section */

/* Begin PBXShellScriptBuildPhase section */
		0458BAF73D1B373F4F530BDA /* [CP] Check Pods Manifest.lock */ = {
			isa = PBXShellScriptBuildPhase;
			buildActionMask = 2147483647;
			files = (
			);
			inputPaths = (
			);
			name = "[CP] Check Pods Manifest.lock";
			outputPaths = (
			);
			runOnlyForDeploymentPostprocessing = 0;
			shellPath = /bin/sh;
			shellScript = "diff \"${PODS_ROOT}/../Podfile.lock\" \"${PODS_ROOT}/Manifest.lock\" > /dev/null\nif [ $? != 0 ] ; then\n    # print error to STDERR\n    echo \"error: The sandbox is not in sync with the Podfile.lock. Run 'pod install' or update your CocoaPods installation.\" >&2\n    exit 1\nfi\n";
			showEnvVarsInLog = 0;
		};
		2AE17A623740EE2106F2FE9D /* [CP] Copy Pods Resources */ = {
			isa = PBXShellScriptBuildPhase;
			buildActionMask = 2147483647;
			files = (
			);
			inputPaths = (
			);
			name = "[CP] Copy Pods Resources";
			outputPaths = (
			);
			runOnlyForDeploymentPostprocessing = 0;
			shellPath = /bin/sh;
			shellScript = "\"${SRCROOT}/Pods/Target Support Files/Pods-umbrella/Pods-umbrella-resources.sh\"\n";
			showEnvVarsInLog = 0;
		};
		3FBC5A5B7100B0B5E290ECEA /* [CP] Embed Pods Frameworks */ = {
			isa = PBXShellScriptBuildPhase;
			buildActionMask = 2147483647;
			files = (
			);
			inputPaths = (
			);
			name = "[CP] Embed Pods Frameworks";
			outputPaths = (
			);
			runOnlyForDeploymentPostprocessing = 0;
			shellPath = /bin/sh;
			shellScript = "\"${SRCROOT}/Pods/Target Support Files/Pods-umbrella/Pods-umbrella-frameworks.sh\"\n";
			showEnvVarsInLog = 0;
		};
/* End PBXShellScriptBuildPhase section */

/* Begin PBXSourcesBuildPhase section */
		29F181731E02754200A3E409 /* Sources */ = {
			isa = PBXSourcesBuildPhase;
			buildActionMask = 2147483647;
			files = (
				047536A51E055647000F5E53 /* SettingTableViewController.swift in Sources */,
				29FD47381E18C52C00D73A73 /* FavoriteAddNewViewController.swift in Sources */,
				29D3E0301E092CCF00225217 /* LoginOutViewController.swift in Sources */,
				29F259AD1E156BD900526C54 /* FavoriteCellFooter.swift in Sources */,
				29F1817D1E02754200A3E409 /* ViewController.swift in Sources */,
				2936B2691E09504B007DD810 /* CreditCardViewController.swift in Sources */,
				29F504641E14DAC6003AB4F8 /* SearchStationDetailViewController.swift in Sources */,
				29CB66471E1288BF00D9DD85 /* QRCodeRentedViewController.swift in Sources */,
				2936B2601E093BBE007DD810 /* ReturnHistoryViewController.swift in Sources */,
				29F259AB1E156BC600526C54 /* FavoriteCellHeader.swift in Sources */,
				2936B2641E093D74007DD810 /* QRCodeScanFailureViewController.swift in Sources */,
				2936B2E01E0A70EC007DD810 /* SearchStationExtensionTableView.swift in Sources */,
				2936B2671E094AE0007DD810 /* StructStation.swift in Sources */,
				29F259AF1E15770B00526C54 /* FavoriteCellShadow.swift in Sources */,
				29044D721E08C179002A82B0 /* CustomStaionListTableViewCell.swift in Sources */,
				29A3F76C1E02935000FA22E2 /* SearchStationViewController.swift in Sources */,
				2907FFCE1E167D3C001BEFBD /* SearchStationViewControllerTest.swift in Sources */,
				29044D6C1E080037002A82B0 /* CustomFavoriteFooterTableViewCell.swift in Sources */,
				29F1817B1E02754200A3E409 /* AppDelegate.swift in Sources */,
				291777F31E180F9600DA0DA1 /* FavoriteStationViewController.swift in Sources */,
				29FD473C1E18DA5900D73A73 /* MapView.swift in Sources */,
				29044D681E08000D002A82B0 /* CustomFavoriteContentTableViewCell.swift in Sources */,
				049D8BFA1E0280AD00AD4BEA /* QRCodeScannerViewController.swift in Sources */,
				2936B2621E093D5C007DD810 /* QRCodeScanSuccessViewController.swift in Sources */,
				29044D641E07FF0B002A82B0 /* CustomFavortieHeaderTableViewCell.swift in Sources */,
				29044D571E07F684002A82B0 /* ViewExtension.swift in Sources */,
				291777EF1E180EDD00DA0DA1 /* FavortieStationDetailViewController.swift in Sources */,
			);
			runOnlyForDeploymentPostprocessing = 0;
		};
/* End PBXSourcesBuildPhase section */

/* Begin PBXVariantGroup section */
		29F1817E1E02754200A3E409 /* Main.storyboard */ = {
			isa = PBXVariantGroup;
			children = (
				29F1817F1E02754200A3E409 /* Base */,
				29A9B5141E17EDB7001C09AD /* zh-Hant */,
			);
			name = Main.storyboard;
			sourceTree = "<group>";
		};
		29F181831E02754200A3E409 /* LaunchScreen.storyboard */ = {
			isa = PBXVariantGroup;
			children = (
				29F181841E02754200A3E409 /* Base */,
				29A9B5131E17EDB6001C09AD /* zh-Hant */,
			);
			name = LaunchScreen.storyboard;
			sourceTree = "<group>";
		};
/* End PBXVariantGroup section */

/* Begin XCBuildConfiguration section */
		29F181871E02754200A3E409 /* Debug */ = {
			isa = XCBuildConfiguration;
			buildSettings = {
				ALWAYS_SEARCH_USER_PATHS = NO;
				CLANG_ANALYZER_LOCALIZABILITY_NONLOCALIZED = YES;
				CLANG_ANALYZER_NONNULL = YES;
				CLANG_CXX_LANGUAGE_STANDARD = "gnu++0x";
				CLANG_CXX_LIBRARY = "libc++";
				CLANG_ENABLE_MODULES = YES;
				CLANG_ENABLE_OBJC_ARC = YES;
				CLANG_WARN_BOOL_CONVERSION = YES;
				CLANG_WARN_CONSTANT_CONVERSION = YES;
				CLANG_WARN_DIRECT_OBJC_ISA_USAGE = YES_ERROR;
				CLANG_WARN_DOCUMENTATION_COMMENTS = YES;
				CLANG_WARN_EMPTY_BODY = YES;
				CLANG_WARN_ENUM_CONVERSION = YES;
				CLANG_WARN_INFINITE_RECURSION = YES;
				CLANG_WARN_INT_CONVERSION = YES;
				CLANG_WARN_OBJC_ROOT_CLASS = YES_ERROR;
				CLANG_WARN_SUSPICIOUS_MOVES = YES;
				CLANG_WARN_UNREACHABLE_CODE = YES;
				CLANG_WARN__DUPLICATE_METHOD_MATCH = YES;
				"CODE_SIGN_IDENTITY[sdk=iphoneos*]" = "iPhone Developer";
				COPY_PHASE_STRIP = NO;
				DEBUG_INFORMATION_FORMAT = dwarf;
				ENABLE_STRICT_OBJC_MSGSEND = YES;
				ENABLE_TESTABILITY = YES;
				GCC_C_LANGUAGE_STANDARD = gnu99;
				GCC_DYNAMIC_NO_PIC = NO;
				GCC_NO_COMMON_BLOCKS = YES;
				GCC_OPTIMIZATION_LEVEL = 0;
				GCC_PREPROCESSOR_DEFINITIONS = (
					"DEBUG=1",
					"$(inherited)",
				);
				GCC_WARN_64_TO_32_BIT_CONVERSION = YES;
				GCC_WARN_ABOUT_RETURN_TYPE = YES_ERROR;
				GCC_WARN_UNDECLARED_SELECTOR = YES;
				GCC_WARN_UNINITIALIZED_AUTOS = YES_AGGRESSIVE;
				GCC_WARN_UNUSED_FUNCTION = YES;
				GCC_WARN_UNUSED_VARIABLE = YES;
				IPHONEOS_DEPLOYMENT_TARGET = 10.1;
				MTL_ENABLE_DEBUG_INFO = YES;
				ONLY_ACTIVE_ARCH = YES;
				SDKROOT = iphoneos;
				SWIFT_ACTIVE_COMPILATION_CONDITIONS = DEBUG;
				SWIFT_OPTIMIZATION_LEVEL = "-Onone";
				TARGETED_DEVICE_FAMILY = "1,2";
			};
			name = Debug;
		};
		29F181881E02754200A3E409 /* Release */ = {
			isa = XCBuildConfiguration;
			buildSettings = {
				ALWAYS_SEARCH_USER_PATHS = NO;
				CLANG_ANALYZER_LOCALIZABILITY_NONLOCALIZED = YES;
				CLANG_ANALYZER_NONNULL = YES;
				CLANG_CXX_LANGUAGE_STANDARD = "gnu++0x";
				CLANG_CXX_LIBRARY = "libc++";
				CLANG_ENABLE_MODULES = YES;
				CLANG_ENABLE_OBJC_ARC = YES;
				CLANG_WARN_BOOL_CONVERSION = YES;
				CLANG_WARN_CONSTANT_CONVERSION = YES;
				CLANG_WARN_DIRECT_OBJC_ISA_USAGE = YES_ERROR;
				CLANG_WARN_DOCUMENTATION_COMMENTS = YES;
				CLANG_WARN_EMPTY_BODY = YES;
				CLANG_WARN_ENUM_CONVERSION = YES;
				CLANG_WARN_INFINITE_RECURSION = YES;
				CLANG_WARN_INT_CONVERSION = YES;
				CLANG_WARN_OBJC_ROOT_CLASS = YES_ERROR;
				CLANG_WARN_SUSPICIOUS_MOVES = YES;
				CLANG_WARN_UNREACHABLE_CODE = YES;
				CLANG_WARN__DUPLICATE_METHOD_MATCH = YES;
				"CODE_SIGN_IDENTITY[sdk=iphoneos*]" = "iPhone Developer";
				COPY_PHASE_STRIP = NO;
				DEBUG_INFORMATION_FORMAT = "dwarf-with-dsym";
				ENABLE_NS_ASSERTIONS = NO;
				ENABLE_STRICT_OBJC_MSGSEND = YES;
				GCC_C_LANGUAGE_STANDARD = gnu99;
				GCC_NO_COMMON_BLOCKS = YES;
				GCC_WARN_64_TO_32_BIT_CONVERSION = YES;
				GCC_WARN_ABOUT_RETURN_TYPE = YES_ERROR;
				GCC_WARN_UNDECLARED_SELECTOR = YES;
				GCC_WARN_UNINITIALIZED_AUTOS = YES_AGGRESSIVE;
				GCC_WARN_UNUSED_FUNCTION = YES;
				GCC_WARN_UNUSED_VARIABLE = YES;
				IPHONEOS_DEPLOYMENT_TARGET = 10.1;
				MTL_ENABLE_DEBUG_INFO = NO;
				SDKROOT = iphoneos;
				SWIFT_OPTIMIZATION_LEVEL = "-Owholemodule";
				TARGETED_DEVICE_FAMILY = "1,2";
				VALIDATE_PRODUCT = YES;
			};
			name = Release;
		};
		29F1818A1E02754200A3E409 /* Debug */ = {
			isa = XCBuildConfiguration;
			baseConfigurationReference = 61F3CDED81AB6D0875456795 /* Pods-umbrella.debug.xcconfig */;
			buildSettings = {
				ASSETCATALOG_COMPILER_APPICON_NAME = AppIcon;
				DEVELOPMENT_TEAM = V3JX27KRB4;
				INFOPLIST_FILE = umbrella/Info.plist;
				IPHONEOS_DEPLOYMENT_TARGET = 10.1;
				LD_RUNPATH_SEARCH_PATHS = "$(inherited) @executable_path/Frameworks";
				PRODUCT_BUNDLE_IDENTIFIER = www.appshawn.umbrella;
				PRODUCT_NAME = "$(TARGET_NAME)";
				SWIFT_VERSION = 3.0;
			};
			name = Debug;
		};
		29F1818B1E02754200A3E409 /* Release */ = {
			isa = XCBuildConfiguration;
			baseConfigurationReference = 77D6F9D14611C3277A32C1A5 /* Pods-umbrella.release.xcconfig */;
			buildSettings = {
				ASSETCATALOG_COMPILER_APPICON_NAME = AppIcon;
				DEVELOPMENT_TEAM = V3JX27KRB4;
				INFOPLIST_FILE = umbrella/Info.plist;
				IPHONEOS_DEPLOYMENT_TARGET = 10.1;
				LD_RUNPATH_SEARCH_PATHS = "$(inherited) @executable_path/Frameworks";
				PRODUCT_BUNDLE_IDENTIFIER = www.appshawn.umbrella;
				PRODUCT_NAME = "$(TARGET_NAME)";
				SWIFT_VERSION = 3.0;
			};
			name = Release;
		};
/* End XCBuildConfiguration section */

/* Begin XCConfigurationList section */
		29F181721E02754200A3E409 /* Build configuration list for PBXProject "umbrella" */ = {
			isa = XCConfigurationList;
			buildConfigurations = (
				29F181871E02754200A3E409 /* Debug */,
				29F181881E02754200A3E409 /* Release */,
			);
			defaultConfigurationIsVisible = 0;
			defaultConfigurationName = Release;
		};
		29F181891E02754200A3E409 /* Build configuration list for PBXNativeTarget "umbrella" */ = {
			isa = XCConfigurationList;
			buildConfigurations = (
				29F1818A1E02754200A3E409 /* Debug */,
				29F1818B1E02754200A3E409 /* Release */,
			);
			defaultConfigurationIsVisible = 0;
			defaultConfigurationName = Release;
		};
/* End XCConfigurationList section */
	};
	rootObject = 29F1816F1E02754200A3E409 /* Project object */;
}
